
Microsoft Visual Studio Solution File, Format Version 12.00
# Visual Studio Version 16
VisualStudioVersion = 16.0.30320.27
MinimumVisualStudioVersion = 10.0.40219.1
Project("{FAE04EC0-301F-11D3-BF4B-00C04F79EFBC}") = "Lab1LFPC", "Lab1LFPC\Lab1LFPC.csproj", "{665A25BD-77EB-4C6E-8D55-A443ECF18A6D}"
EndProject
Global
	GlobalSection(SolutionConfigurationPlatforms) = preSolution
		Debug|Any CPU = Debug|Any CPU
		Release|Any CPU = Release|Any CPU
	EndGlobalSection
	GlobalSection(ProjectConfigurationPlatforms) = postSolution
		{665A25BD-77EB-4C6E-8D55-A443ECF18A6D}.Debug|Any CPU.ActiveCfg = Debug|Any CPU
		{665A25BD-77EB-4C6E-8D55-A443ECF18A6D}.Debug|Any CPU.Build.0 = Debug|Any CPU
		{665A25BD-77EB-4C6E-8D55-A443ECF18A6D}.Release|Any CPU.ActiveCfg = Release|Any CPU
		{665A25BD-77EB-4C6E-8D55-A443ECF18A6D}.Release|Any CPU.Build.0 = Release|Any CPU
	EndGlobalSection
	GlobalSection(SolutionProperties) = preSolution
		HideSolutionNode = FALSE
	EndGlobalSection
	GlobalSection(ExtensibilityGlobals) = postSolution
		SolutionGuid = {21F72F41-0892-4B84-86E8-38545B1A89D8}
	EndGlobalSection
EndGlobal
